
Microsoft Visual Studio Solution File, Format Version 12.00
# Visual Studio Version 17
VisualStudioVersion = 17.8.34330.188
MinimumVisualStudioVersion = 10.0.40219.1
Project("{FAE04EC0-301F-11D3-BF4B-00C04F79EFBC}") = "Phase1Section3.10", "Phase1Section3.10\Phase1Section3.10.csproj", "{5CAF4186-E611-4134-A9CD-A5E6C7D24CC2}"
EndProject
Global
	GlobalSection(SolutionConfigurationPlatforms) = preSolution
		Debug|Any CPU = Debug|Any CPU
		Release|Any CPU = Release|Any CPU
	EndGlobalSection
	GlobalSection(ProjectConfigurationPlatforms) = postSolution
		{5CAF4186-E611-4134-A9CD-A5E6C7D24CC2}.Debug|Any CPU.ActiveCfg = Debug|Any CPU
		{5CAF4186-E611-4134-A9CD-A5E6C7D24CC2}.Debug|Any CPU.Build.0 = Debug|Any CPU
		{5CAF4186-E611-4134-A9CD-A5E6C7D24CC2}.Release|Any CPU.ActiveCfg = Release|Any CPU
		{5CAF4186-E611-4134-A9CD-A5E6C7D24CC2}.Release|Any CPU.Build.0 = Release|Any CPU
	EndGlobalSection
	GlobalSection(SolutionProperties) = preSolution
		HideSolutionNode = FALSE
	EndGlobalSection
	GlobalSection(ExtensibilityGlobals) = postSolution
		SolutionGuid = {6D81D610-9F58-4E0E-B40D-241627E6C289}
	EndGlobalSection
EndGlobal
